Microsoft Visual Studio Solution File, Format Version 12.00
# Visual Studio 2012
Project("{FAE04EC0-301F-11D3-BF4B-00C04F79EFBC}") = "Rizzfield", "Rizzfield.csproj", "{A750CF42-110F-4EDA-BC79-30F58BC8403C}"
EndProject
Global
	GlobalSection(SolutionConfigurationPlatforms) = preSolution
	Debug|Any CPU = Debug|Any CPU
	ExportDebug|Any CPU = ExportDebug|Any CPU
	ExportRelease|Any CPU = ExportRelease|Any CPU
	EndGlobalSection
	GlobalSection(ProjectConfigurationPlatforms) = postSolution
		{A750CF42-110F-4EDA-BC79-30F58BC8403C}.Debug|Any CPU.ActiveCfg = Debug|Any CPU
		{A750CF42-110F-4EDA-BC79-30F58BC8403C}.Debug|Any CPU.Build.0 = Debug|Any CPU
		{A750CF42-110F-4EDA-BC79-30F58BC8403C}.ExportDebug|Any CPU.ActiveCfg = ExportDebug|Any CPU
		{A750CF42-110F-4EDA-BC79-30F58BC8403C}.ExportDebug|Any CPU.Build.0 = ExportDebug|Any CPU
		{A750CF42-110F-4EDA-BC79-30F58BC8403C}.ExportRelease|Any CPU.ActiveCfg = ExportRelease|Any CPU
		{A750CF42-110F-4EDA-BC79-30F58BC8403C}.ExportRelease|Any CPU.Build.0 = ExportRelease|Any CPU
	EndGlobalSection
EndGlobal
